// !$*UTF8*$!
{
	archiveVersion = 1;
	classes = {
	};
	objectVersion = 50;
	objects = {

/* Begin PBXBuildFile section */
		1E77A274215ED74A005773B3 /* AppDelegate.swift in Sources */ = {isa = PBXBuildFile; fileRef = 1E77A273215ED74A005773B3 /* AppDelegate.swift */; };
		1E77A276215ED74A005773B3 /* ViewController.swift in Sources */ = {isa = PBXBuildFile; fileRef = 1E77A275215ED74A005773B3 /* ViewController.swift */; };
		1E77A279215ED74A005773B3 /* Main.storyboard in Resources */ = {isa = PBXBuildFile; fileRef = 1E77A277215ED74A005773B3 /* Main.storyboard */; };
		1E77A27B215ED74B005773B3 /* Assets.xcassets in Resources */ = {isa = PBXBuildFile; fileRef = 1E77A27A215ED74B005773B3 /* Assets.xcassets */; };
		1E77A27E215ED74B005773B3 /* LaunchScreen.storyboard in Resources */ = {isa = PBXBuildFile; fileRef = 1E77A27C215ED74B005773B3 /* LaunchScreen.storyboard */; };
		1E77A289215ED74B005773B3 /* AutoLayaoutExampleTests.swift in Sources */ = {isa = PBXBuildFile; fileRef = 1E77A288215ED74B005773B3 /* AutoLayaoutExampleTests.swift */; };
		1E77A294215EE047005773B3 /* catView.swift in Sources */ = {isa = PBXBuildFile; fileRef = 1E77A293215EE047005773B3 /* catView.swift */; };
/* End PBXBuildFile section */

/* Begin PBXContainerItemProxy section */
		1E77A285215ED74B005773B3 /* PBXContainerItemProxy */ = {
			isa = PBXContainerItemProxy;
			containerPortal = 1E77A268215ED74A005773B3 /* Project object */;
			proxyType = 1;
			remoteGlobalIDString = 1E77A26F215ED74A005773B3;
			remoteInfo = AutoLayaoutExample;
		};
/* End PBXContainerItemProxy section */

/* Begin PBXFileReference section */
		1E77A270215ED74A005773B3 /* AutoLayaoutExample.app */ = {isa = PBXFileReference; explicitFileType = wrapper.application; includeInIndex = 0; path = AutoLayaoutExample.app; sourceTree = BUILT_PRODUCTS_DIR; };
		1E77A273215ED74A005773B3 /* AppDelegate.swift */ = {isa = PBXFileReference; lastKnownFileType = sourcecode.swift; path = AppDelegate.swift; sourceTree = "<group>"; };
		1E77A275215ED74A005773B3 /* ViewController.swift */ = {isa = PBXFileReference; lastKnownFileType = sourcecode.swift; path = ViewController.swift; sourceTree = "<group>"; };
		1E77A278215ED74A005773B3 /* Base */ = {isa = PBXFileReference; lastKnownFileType = file.storyboard; name = Base; path = Base.lproj/Main.storyboard; sourceTree = "<group>"; };
		1E77A27A215ED74B005773B3 /* Assets.xcassets */ = {isa = PBXFileReference; lastKnownFileType = folder.assetcatalog; path = Assets.xcassets; sourceTree = "<group>"; };
		1E77A27D215ED74B005773B3 /* Base */ = {isa = PBXFileReference; lastKnownFileType = file.storyboard; name = Base; path = Base.lproj/LaunchScreen.storyboard; sourceTree = "<group>"; };
		1E77A27F215ED74B005773B3 /* Info.plist */ = {isa = PBXFileReference; lastKnownFileType = text.plist.xml; path = Info.plist; sourceTree = "<group>"; };
		1E77A284215ED74B005773B3 /* AutoLayaoutExampleTests.xctest */ = {isa = PBXFileReference; explicitFileType = wrapper.cfbundle; includeInIndex = 0; path = AutoLayaoutExampleTests.xctest; sourceTree = BUILT_PRODUCTS_DIR; };
		1E77A288215ED74B005773B3 /* AutoLayaoutExampleTests.swift */ = {isa = PBXFileReference; lastKnownFileType = sourcecode.swift; path = AutoLayaoutExampleTests.swift; sourceTree = "<group>"; };
		1E77A28A215ED74B005773B3 /* Info.plist */ = {isa = PBXFileReference; lastKnownFileType = text.plist.xml; path = Info.plist; sourceTree = "<group>"; };
		1E77A293215EE047005773B3 /* catView.swift */ = {isa = PBXFileReference; lastKnownFileType = sourcecode.swift; path = catView.swift; sourceTree = "<group>"; };
/* End PBXFileReference section */

/* Begin PBXFrameworksBuildPhase section */
		1E77A26D215ED74A005773B3 /* Frameworks */ = {
			isa = PBXFrameworksBuildPhase;
			buildActionMask = 2147483647;
			files = (
			);
			runOnlyForDeploymentPostprocessing = 0;
		};
		1E77A281215ED74B005773B3 /* Frameworks */ = {
			isa = PBXFrameworksBuildPhase;
			buildActionMask = 2147483647;
			files = (
			);
			runOnlyForDeploymentPostprocessing = 0;
		};
/* End PBXFrameworksBuildPhase section */

/* Begin PBXGroup section */
		1E77A267215ED74A005773B3 = {
			isa = PBXGroup;
			children = (
				1E77A272215ED74A005773B3 /* AutoLayaoutExample */,
				1E77A287215ED74B005773B3 /* AutoLayaoutExampleTests */,
				1E77A271215ED74A005773B3 /* Products */,
			);
			sourceTree = "<group>";
		};
		1E77A271215ED74A005773B3 /* Products */ = {
			isa = PBXGroup;
			children = (
				1E77A270215ED74A005773B3 /* AutoLayaoutExample.app */,
				1E77A284215ED74B005773B3 /* AutoLayaoutExampleTests.xctest */,
			);
			name = Products;
			sourceTree = "<group>";
		};
		1E77A272215ED74A005773B3 /* AutoLayaoutExample */ = {
			isa = PBXGroup;
			children = (
				1E77A273215ED74A005773B3 /* AppDelegate.swift */,
				1E77A275215ED74A005773B3 /* ViewController.swift */,
				1E77A277215ED74A005773B3 /* Main.storyboard */,
				1E77A293215EE047005773B3 /* catView.swift */,
				1E77A27A215ED74B005773B3 /* Assets.xcassets */,
				1E77A27C215ED74B005773B3 /* LaunchScreen.storyboard */,
				1E77A27F215ED74B005773B3 /* Info.plist */,
			);
			path = AutoLayaoutExample;
			sourceTree = "<group>";
		};
		1E77A287215ED74B005773B3 /* AutoLayaoutExampleTests */ = {
			isa = PBXGroup;
			children = (
				1E77A288215ED74B005773B3 /* AutoLayaoutExampleTests.swift */,
				1E77A28A215ED74B005773B3 /* Info.plist */,
			);
			path = AutoLayaoutExampleTests;
			sourceTree = "<group>";
		};
/* End PBXGroup section */

/* Begin PBXNativeTarget section */
		1E77A26F215ED74A005773B3 /* AutoLayaoutExample */ = {
			isa = PBXNativeTarget;
			buildConfigurationList = 1E77A28D215ED74B005773B3 /* Build configuration list for PBXNativeTarget "AutoLayaoutExample" */;
			buildPhases = (
				1E77A26C215ED74A005773B3 /* Sources */,
				1E77A26D215ED74A005773B3 /* Frameworks */,
				1E77A26E215ED74A005773B3 /* Resources */,
			);
			buildRules = (
			);
			dependencies = (
			);
			name = AutoLayaoutExample;
			productName = AutoLayaoutExample;
			productReference = 1E77A270215ED74A005773B3 /* AutoLayaoutExample.app */;
			productType = "com.apple.product-type.application";
		};
		1E77A283215ED74B005773B3 /* AutoLayaoutExampleTests */ = {
			isa = PBXNativeTarget;
			buildConfigurationList = 1E77A290215ED74B005773B3 /* Build configuration list for PBXNativeTarget "AutoLayaoutExampleTests" */;
			buildPhases = (
				1E77A280215ED74B005773B3 /* Sources */,
				1E77A281215ED74B005773B3 /* Frameworks */,
				1E77A282215ED74B005773B3 /* Resources */,
			);
			buildRules = (
			);
			dependencies = (
				1E77A286215ED74B005773B3 /* PBXTargetDependency */,
			);
			name = AutoLayaoutExampleTests;
			productName = AutoLayaoutExampleTests;
			productReference = 1E77A284215ED74B005773B3 /* AutoLayaoutExampleTests.xctest */;
			productType = "com.apple.product-type.bundle.unit-test";
		};
/* End PBXNativeTarget section */

/* Begin PBXProject section */
		1E77A268215ED74A005773B3 /* Project object */ = {
			isa = PBXProject;
			attributes = {
				LastSwiftUpdateCheck = 0940;
				LastUpgradeCheck = 0940;
				ORGANIZATIONNAME = Ricardo_Abraham_Desiderio_Diplomado;
				TargetAttributes = {
					1E77A26F215ED74A005773B3 = {
						CreatedOnToolsVersion = 9.4.1;
					};
					1E77A283215ED74B005773B3 = {
						CreatedOnToolsVersion = 9.4.1;
						TestTargetID = 1E77A26F215ED74A005773B3;
					};
				};
			};
			buildConfigurationList = 1E77A26B215ED74A005773B3 /* Build configuration list for PBXProject "AutoLayaoutExample" */;
			compatibilityVersion = "Xcode 9.3";
			developmentRegion = en;
			hasScannedForEncodings = 0;
			knownRegions = (
				en,
				Base,
			);
			mainGroup = 1E77A267215ED74A005773B3;
			productRefGroup = 1E77A271215ED74A005773B3 /* Products */;
			projectDirPath = "";
			projectRoot = "";
			targets = (
				1E77A26F215ED74A005773B3 /* AutoLayaoutExample */,
				1E77A283215ED74B005773B3 /* AutoLayaoutExampleTests */,
			);
		};
/* End PBXProject section */

/* Begin PBXResourcesBuildPhase section */
		1E77A26E215ED74A005773B3 /* Resources */ = {
			isa = PBXResourcesBuildPhase;
			buildActionMask = 2147483647;
			files = (
				1E77A27E215ED74B005773B3 /* LaunchScreen.storyboard in Resources */,
				1E77A27B215ED74B005773B3 /* Assets.xcassets in Resources */,
				1E77A279215ED74A005773B3 /* Main.storyboard in Resources */,
			);
			runOnlyForDeploymentPostprocessing = 0;
		};
		1E77A282215ED74B005773B3 /* Resources */ = {
			isa = PBXResourcesBuildPhase;
			buildActionMask = 2147483647;
			files = (
			);
			runOnlyForDeploymentPostprocessing = 0;
		};
/* End PBXResourcesBuildPhase section */

/* Begin PBXSourcesBuildPhase section */
		1E77A26C215ED74A005773B3 /* Sources */ = {
			isa = PBXSourcesBuildPhase;
			buildActionMask = 2147483647;
			files = (
				1E77A294215EE047005773B3 /* catView.swift in Sources */,
				1E77A276215ED74A005773B3 /* ViewController.swift in Sources */,
				1E77A274215ED74A005773B3 /* AppDelegate.swift in Sources */,
			);
			runOnlyForDeploymentPostprocessing = 0;
		};
		1E77A280215ED74B005773B3 /* Sources */ = {
			isa = PBXSourcesBuildPhase;
			buildActionMask = 2147483647;
			files = (
				1E77A289215ED74B005773B3 /* AutoLayaoutExampleTests.swift in Sources */,
			);
			runOnlyForDeploymentPostprocessing = 0;
		};
/* End PBXSourcesBuildPhase section */

/* Begin PBXTargetDependency section */
		1E77A286215ED74B005773B3 /* PBXTargetDependency */ = {
			isa = PBXTargetDependency;
			target = 1E77A26F215ED74A005773B3 /* AutoLayaoutExample */;
			targetProxy = 1E77A285215ED74B005773B3 /* PBXContainerItemProxy */;
		};
/* End PBXTargetDependency section */

/* Begin PBXVariantGroup section */
		1E77A277215ED74A005773B3 /* Main.storyboard */ = {
			isa = PBXVariantGroup;
			children = (
				1E77A278215ED74A005773B3 /* Base */,
			);
			name = Main.storyboard;
			sourceTree = "<group>";
		};
		1E77A27C215ED74B005773B3 /* LaunchScreen.storyboard */ = {
			isa = PBXVariantGroup;
			children = (
				1E77A27D215ED74B005773B3 /* Base */,
			);
			name = LaunchScreen.storyboard;
			sourceTree = "<group>";
		};
/* End PBXVariantGroup section */

/* Begin XCBuildConfiguration section */
		1E77A28B215ED74B005773B3 /* Debug */ = {
			isa = XCBuildConfiguration;
			buildSettings = {
				ALWAYS_SEARCH_USER_PATHS = NO;
				CLANG_ANALYZER_NONNULL = YES;
				CLANG_ANALYZER_NUMBER_OBJECT_CONVERSION = YES_AGGRESSIVE;
				CLANG_CXX_LANGUAGE_STANDARD = "gnu++14";
				CLANG_CXX_LIBRARY = "libc++";
				CLANG_ENABLE_MODULES = YES;
				CLANG_ENABLE_OBJC_ARC = YES;
				CLANG_ENABLE_OBJC_WEAK = YES;
				CLANG_WARN_BLOCK_CAPTURE_AUTORELEASING = YES;
				CLANG_WARN_BOOL_CONVERSION = YES;
				CLANG_WARN_COMMA = YES;
				CLANG_WARN_CONSTANT_CONVERSION = YES;
				CLANG_WARN_DEPRECATED_OBJC_IMPLEMENTATIONS = YES;
				CLANG_WARN_DIRECT_OBJC_ISA_USAGE = YES_ERROR;
				CLANG_WARN_DOCUMENTATION_COMMENTS = YES;
				CLANG_WARN_EMPTY_BODY = YES;
				CLANG_WARN_ENUM_CONVERSION = YES;
				CLANG_WARN_INFINITE_RECURSION = YES;
				CLANG_WARN_INT_CONVERSION = YES;
				CLANG_WARN_NON_LITERAL_NULL_CONVERSION = YES;
				CLANG_WARN_OBJC_IMPLICIT_RETAIN_SELF = YES;
				CLANG_WARN_OBJC_LITERAL_CONVERSION = YES;
				CLANG_WARN_OBJC_ROOT_CLASS = YES_ERROR;
				CLANG_WARN_RANGE_LOOP_ANALYSIS = YES;
				CLANG_WARN_STRICT_PROTOTYPES = YES;
				CLANG_WARN_SUSPICIOUS_MOVE = YES;
				CLANG_WARN_UNGUARDED_AVAILABILITY = YES_AGGRESSIVE;
				CLANG_WARN_UNREACHABLE_CODE = YES;
				CLANG_WARN__DUPLICATE_METHOD_MATCH = YES;
				CODE_SIGN_IDENTITY = "iPhone Developer";
				COPY_PHASE_STRIP = NO;
				DEBUG_INFORMATION_FORMAT = dwarf;
				ENABLE_STRICT_OBJC_MSGSEND = YES;
				ENABLE_TESTABILITY = YES;
				GCC_C_LANGUAGE_STANDARD = gnu11;
				GCC_DYNAMIC_NO_PIC = NO;
				GCC_NO_COMMON_BLOCKS = YES;
				GCC_OPTIMIZATION_LEVEL = 0;
				GCC_PREPROCESSOR_DEFINITIONS = (
					"DEBUG=1",
					"$(inherited)",
				);
				GCC_WARN_64_TO_32_BIT_CONVERSION = YES;
				GCC_WARN_ABOUT_RETURN_TYPE = YES_ERROR;
				GCC_WARN_UNDECLARED_SELECTOR = YES;
				GCC_WARN_UNINITIALIZED_AUTOS = YES_AGGRESSIVE;
				GCC_WARN_UNUSED_FUNCTION = YES;
				GCC_WARN_UNUSED_VARIABLE = YES;
				IPHONEOS_DEPLOYMENT_TARGET = 11.4;
				MTL_ENABLE_DEBUG_INFO = YES;
				ONLY_ACTIVE_ARCH = YES;
				SDKROOT = iphoneos;
				SWIFT_ACTIVE_COMPILATION_CONDITIONS = DEBUG;
				SWIFT_OPTIMIZATION_LEVEL = "-Onone";
			};
			name = Debug;
		};
		1E77A28C215ED74B005773B3 /* Release */ = {
			isa = XCBuildConfiguration;
			buildSettings = {
				ALWAYS_SEARCH_USER_PATHS = NO;
				CLANG_ANALYZER_NONNULL = YES;
				CLANG_ANALYZER_NUMBER_OBJECT_CONVERSION = YES_AGGRESSIVE;
				CLANG_CXX_LANGUAGE_STANDARD = "gnu++14";
				CLANG_CXX_LIBRARY = "libc++";
				CLANG_ENABLE_MODULES = YES;
				CLANG_ENABLE_OBJC_ARC = YES;
				CLANG_ENABLE_OBJC_WEAK = YES;
				CLANG_WARN_BLOCK_CAPTURE_AUTORELEASING = YES;
				CLANG_WARN_BOOL_CONVERSION = YES;
				CLANG_WARN_COMMA = YES;
				CLANG_WARN_CONSTANT_CONVERSION = YES;
				CLANG_WARN_DEPRECATED_OBJC_IMPLEMENTATIONS = YES;
				CLANG_WARN_DIRECT_OBJC_ISA_USAGE = YES_ERROR;
				CLANG_WARN_DOCUMENTATION_COMMENTS = YES;
				CLANG_WARN_EMPTY_BODY = YES;
				CLANG_WARN_ENUM_CONVERSION = YES;
				CLANG_WARN_INFINITE_RECURSION = YES;
				CLANG_WARN_INT_CONVERSION = YES;
				CLANG_WARN_NON_LITERAL_NULL_CONVERSION = YES;
				CLANG_WARN_OBJC_IMPLICIT_RETAIN_SELF = YES;
				CLANG_WARN_OBJC_LITERAL_CONVERSION = YES;
				CLANG_WARN_OBJC_ROOT_CLASS = YES_ERROR;
				CLANG_WARN_RANGE_LOOP_ANALYSIS = YES;
				CLANG_WARN_STRICT_PROTOTYPES = YES;
				CLANG_WARN_SUSPICIOUS_MOVE = YES;
				CLANG_WARN_UNGUARDED_AVAILABILITY = YES_AGGRESSIVE;
				CLANG_WARN_UNREACHABLE_CODE = YES;
				CLANG_WARN__DUPLICATE_METHOD_MATCH = YES;
				CODE_SIGN_IDENTITY = "iPhone Developer";
				COPY_PHASE_STRIP = NO;
				DEBUG_INFORMATION_FORMAT = "dwarf-with-dsym";
				ENABLE_NS_ASSERTIONS = NO;
				ENABLE_STRICT_OBJC_MSGSEND = YES;
				GCC_C_LANGUAGE_STANDARD = gnu11;
				GCC_NO_COMMON_BLOCKS = YES;
				GCC_WARN_64_TO_32_BIT_CONVERSION = YES;
				GCC_WARN_ABOUT_RETURN_TYPE = YES_ERROR;
				GCC_WARN_UNDECLARED_SELECTOR = YES;
				GCC_WARN_UNINITIALIZED_AUTOS = YES_AGGRESSIVE;
				GCC_WARN_UNUSED_FUNCTION = YES;
				GCC_WARN_UNUSED_VARIABLE = YES;
				IPHONEOS_DEPLOYMENT_TARGET = 11.4;
				MTL_ENABLE_DEBUG_INFO = NO;
				SDKROOT = iphoneos;
				SWIFT_COMPILATION_MODE = wholemodule;
				SWIFT_OPTIMIZATION_LEVEL = "-O";
				VALIDATE_PRODUCT = YES;
			};
			name = Release;
		};
		1E77A28E215ED74B005773B3 /* Debug */ = {
			isa = XCBuildConfiguration;
			buildSettings = {
				ASSETCATALOG_COMPILER_APPICON_NAME = AppIcon;
				CODE_SIGN_STYLE = Automatic;
				INFOPLIST_FILE = AutoLayaoutExample/Info.plist;
				LD_RUNPATH_SEARCH_PATHS = (
					"$(inherited)",
					"@executable_path/Frameworks",
				);
				PRODUCT_BUNDLE_IDENTIFIER = RADG.AutoLayaoutExample;
				PRODUCT_NAME = "$(TARGET_NAME)";
				SWIFT_VERSION = 4.0;
				TARGETED_DEVICE_FAMILY = "1,2";
			};
			name = Debug;
		};
		1E77A28F215ED74B005773B3 /* Release */ = {
			isa = XCBuildConfiguration;
			buildSettings = {
				ASSETCATALOG_COMPILER_APPICON_NAME = AppIcon;
				CODE_SIGN_STYLE = Automatic;
				INFOPLIST_FILE = AutoLayaoutExample/Info.plist;
				LD_RUNPATH_SEARCH_PATHS = (
					"$(inherited)",
					"@executable_path/Frameworks",
				);
				PRODUCT_BUNDLE_IDENTIFIER = RADG.AutoLayaoutExample;
				PRODUCT_NAME = "$(TARGET_NAME)";
				SWIFT_VERSION = 4.0;
				TARGETED_DEVICE_FAMILY = "1,2";
			};
			name = Release;
		};
		1E77A291215ED74B005773B3 /* Debug */ = {
			isa = XCBuildConfiguration;
			buildSettings = {
				ALWAYS_EMBED_SWIFT_STANDARD_LIBRARIES = YES;
				BUNDLE_LOADER = "$(TEST_HOST)";
				CODE_SIGN_STYLE = Automatic;
				INFOPLIST_FILE = AutoLayaoutExampleTests/Info.plist;
				LD_RUNPATH_SEARCH_PATHS = (
					"$(inherited)",
					"@executable_path/Frameworks",
					"@loader_path/Frameworks",
				);
				PRODUCT_BUNDLE_IDENTIFIER = RADG.AutoLayaoutExampleTests;
				PRODUCT_NAME = "$(TARGET_NAME)";
				SWIFT_VERSION = 4.0;
				TARGETED_DEVICE_FAMILY = "1,2";
				TEST_HOST = "$(BUILT_PRODUCTS_DIR)/AutoLayaoutExample.app/AutoLayaoutExample";
			};
			name = Debug;
		};
		1E77A292215ED74B005773B3 /* Release */ = {
			isa = XCBuildConfiguration;
			buildSettings = {
				ALWAYS_EMBED_SWIFT_STANDARD_LIBRARIES = YES;
				BUNDLE_LOADER = "$(TEST_HOST)";
				CODE_SIGN_STYLE = Automatic;
				INFOPLIST_FILE = AutoLayaoutExampleTests/Info.plist;
				LD_RUNPATH_SEARCH_PATHS = (
					"$(inherited)",
					"@executable_path/Frameworks",
					"@loader_path/Frameworks",
				);
				PRODUCT_BUNDLE_IDENTIFIER = RADG.AutoLayaoutExampleTests;
				PRODUCT_NAME = "$(TARGET_NAME)";
				SWIFT_VERSION = 4.0;
				TARGETED_DEVICE_FAMILY = "1,2";
				TEST_HOST = "$(BUILT_PRODUCTS_DIR)/AutoLayaoutExample.app/AutoLayaoutExample";
			};
			name = Release;
		};
/* End XCBuildConfiguration section */

/* Begin XCConfigurationList section */
		1E77A26B215ED74A005773B3 /* Build configuration list for PBXProject "AutoLayaoutExample" */ = {
			isa = XCConfigurationList;
			buildConfigurations = (
				1E77A28B215ED74B005773B3 /* Debug */,
				1E77A28C215ED74B005773B3 /* Release */,
			);
			defaultConfigurationIsVisible = 0;
			defaultConfigurationName = Release;
		};
		1E77A28D215ED74B005773B3 /* Build configuration list for PBXNativeTarget "AutoLayaoutExample" */ = {
			isa = XCConfigurationList;
			buildConfigurations = (
				1E77A28E215ED74B005773B3 /* Debug */,
				1E77A28F215ED74B005773B3 /* Release */,
			);
			defaultConfigurationIsVisible = 0;
			defaultConfigurationName = Release;
		};
		1E77A290215ED74B005773B3 /* Build configuration list for PBXNativeTarget "AutoLayaoutExampleTests" */ = {
			isa = XCConfigurationList;
			buildConfigurations = (
				1E77A291215ED74B005773B3 /* Debug */,
				1E77A292215ED74B005773B3 /* Release */,
			);
			defaultConfigurationIsVisible = 0;
			defaultConfigurationName = Release;
		};
/* End XCConfigurationList section */
	};
	rootObject = 1E77A268215ED74A005773B3 /* Project object */;
}
