// !$*UTF8*$!
{
	archiveVersion = 1;
	classes = {
	};
	objectVersion = 50;
	objects = {

/* Begin PBXBuildFile section */
		1E7E7FFB2139FA2C00F5B081 /* AppDelegate.swift in Sources */ = {isa = PBXBuildFile; fileRef = 1E7E7FFA2139FA2C00F5B081 /* AppDelegate.swift */; };
		1E7E7FFD2139FA2C00F5B081 /* ViewController.swift in Sources */ = {isa = PBXBuildFile; fileRef = 1E7E7FFC2139FA2C00F5B081 /* ViewController.swift */; };
		1E7E80002139FA2C00F5B081 /* Main.storyboard in Resources */ = {isa = PBXBuildFile; fileRef = 1E7E7FFE2139FA2C00F5B081 /* Main.storyboard */; };
		1E7E80022139FA2D00F5B081 /* Assets.xcassets in Resources */ = {isa = PBXBuildFile; fileRef = 1E7E80012139FA2D00F5B081 /* Assets.xcassets */; };
		1E7E80052139FA2D00F5B081 /* LaunchScreen.storyboard in Resources */ = {isa = PBXBuildFile; fileRef = 1E7E80032139FA2D00F5B081 /* LaunchScreen.storyboard */; };
		1E7E80102139FA2D00F5B081 /* SpyScrollViewTests.swift in Sources */ = {isa = PBXBuildFile; fileRef = 1E7E800F2139FA2D00F5B081 /* SpyScrollViewTests.swift */; };
		1E7E801B2139FA2D00F5B081 /* SpyScrollViewUITests.swift in Sources */ = {isa = PBXBuildFile; fileRef = 1E7E801A2139FA2D00F5B081 /* SpyScrollViewUITests.swift */; };
/* End PBXBuildFile section */

/* Begin PBXContainerItemProxy section */
		1E7E800C2139FA2D00F5B081 /* PBXContainerItemProxy */ = {
			isa = PBXContainerItemProxy;
			containerPortal = 1E7E7FEF2139FA2C00F5B081 /* Project object */;
			proxyType = 1;
			remoteGlobalIDString = 1E7E7FF62139FA2C00F5B081;
			remoteInfo = SpyScrollView;
		};
		1E7E80172139FA2D00F5B081 /* PBXContainerItemProxy */ = {
			isa = PBXContainerItemProxy;
			containerPortal = 1E7E7FEF2139FA2C00F5B081 /* Project object */;
			proxyType = 1;
			remoteGlobalIDString = 1E7E7FF62139FA2C00F5B081;
			remoteInfo = SpyScrollView;
		};
/* End PBXContainerItemProxy section */

/* Begin PBXFileReference section */
		1E7E7FF72139FA2C00F5B081 /* SpyScrollView.app */ = {isa = PBXFileReference; explicitFileType = wrapper.application; includeInIndex = 0; path = SpyScrollView.app; sourceTree = BUILT_PRODUCTS_DIR; };
		1E7E7FFA2139FA2C00F5B081 /* AppDelegate.swift */ = {isa = PBXFileReference; lastKnownFileType = sourcecode.swift; path = AppDelegate.swift; sourceTree = "<group>"; };
		1E7E7FFC2139FA2C00F5B081 /* ViewController.swift */ = {isa = PBXFileReference; lastKnownFileType = sourcecode.swift; path = ViewController.swift; sourceTree = "<group>"; };
		1E7E7FFF2139FA2C00F5B081 /* Base */ = {isa = PBXFileReference; lastKnownFileType = file.storyboard; name = Base; path = Base.lproj/Main.storyboard; sourceTree = "<group>"; };
		1E7E80012139FA2D00F5B081 /* Assets.xcassets */ = {isa = PBXFileReference; lastKnownFileType = folder.assetcatalog; path = Assets.xcassets; sourceTree = "<group>"; };
		1E7E80042139FA2D00F5B081 /* Base */ = {isa = PBXFileReference; lastKnownFileType = file.storyboard; name = Base; path = Base.lproj/LaunchScreen.storyboard; sourceTree = "<group>"; };
		1E7E80062139FA2D00F5B081 /* Info.plist */ = {isa = PBXFileReference; lastKnownFileType = text.plist.xml; path = Info.plist; sourceTree = "<group>"; };
		1E7E800B2139FA2D00F5B081 /* SpyScrollViewTests.xctest */ = {isa = PBXFileReference; explicitFileType = wrapper.cfbundle; includeInIndex = 0; path = SpyScrollViewTests.xctest; sourceTree = BUILT_PRODUCTS_DIR; };
		1E7E800F2139FA2D00F5B081 /* SpyScrollViewTests.swift */ = {isa = PBXFileReference; lastKnownFileType = sourcecode.swift; path = SpyScrollViewTests.swift; sourceTree = "<group>"; };
		1E7E80112139FA2D00F5B081 /* Info.plist */ = {isa = PBXFileReference; lastKnownFileType = text.plist.xml; path = Info.plist; sourceTree = "<group>"; };
		1E7E80162139FA2D00F5B081 /* SpyScrollViewUITests.xctest */ = {isa = PBXFileReference; explicitFileType = wrapper.cfbundle; includeInIndex = 0; path = SpyScrollViewUITests.xctest; sourceTree = BUILT_PRODUCTS_DIR; };
		1E7E801A2139FA2D00F5B081 /* SpyScrollViewUITests.swift */ = {isa = PBXFileReference; lastKnownFileType = sourcecode.swift; path = SpyScrollViewUITests.swift; sourceTree = "<group>"; };
		1E7E801C2139FA2D00F5B081 /* Info.plist */ = {isa = PBXFileReference; lastKnownFileType = text.plist.xml; path = Info.plist; sourceTree = "<group>"; };
/* End PBXFileReference section */

/* Begin PBXFrameworksBuildPhase section */
		1E7E7FF42139FA2C00F5B081 /* Frameworks */ = {
			isa = PBXFrameworksBuildPhase;
			buildActionMask = 2147483647;
			files = (
			);
			runOnlyForDeploymentPostprocessing = 0;
		};
		1E7E80082139FA2D00F5B081 /* Frameworks */ = {
			isa = PBXFrameworksBuildPhase;
			buildActionMask = 2147483647;
			files = (
			);
			runOnlyForDeploymentPostprocessing = 0;
		};
		1E7E80132139FA2D00F5B081 /* Frameworks */ = {
			isa = PBXFrameworksBuildPhase;
			buildActionMask = 2147483647;
			files = (
			);
			runOnlyForDeploymentPostprocessing = 0;
		};
/* End PBXFrameworksBuildPhase section */

/* Begin PBXGroup section */
		1E7E7FEE2139FA2C00F5B081 = {
			isa = PBXGroup;
			children = (
				1E7E7FF92139FA2C00F5B081 /* SpyScrollView */,
				1E7E800E2139FA2D00F5B081 /* SpyScrollViewTests */,
				1E7E80192139FA2D00F5B081 /* SpyScrollViewUITests */,
				1E7E7FF82139FA2C00F5B081 /* Products */,
			);
			sourceTree = "<group>";
		};
		1E7E7FF82139FA2C00F5B081 /* Products */ = {
			isa = PBXGroup;
			children = (
				1E7E7FF72139FA2C00F5B081 /* SpyScrollView.app */,
				1E7E800B2139FA2D00F5B081 /* SpyScrollViewTests.xctest */,
				1E7E80162139FA2D00F5B081 /* SpyScrollViewUITests.xctest */,
			);
			name = Products;
			sourceTree = "<group>";
		};
		1E7E7FF92139FA2C00F5B081 /* SpyScrollView */ = {
			isa = PBXGroup;
			children = (
				1E7E7FFA2139FA2C00F5B081 /* AppDelegate.swift */,
				1E7E7FFC2139FA2C00F5B081 /* ViewController.swift */,
				1E7E7FFE2139FA2C00F5B081 /* Main.storyboard */,
				1E7E80012139FA2D00F5B081 /* Assets.xcassets */,
				1E7E80032139FA2D00F5B081 /* LaunchScreen.storyboard */,
				1E7E80062139FA2D00F5B081 /* Info.plist */,
			);
			path = SpyScrollView;
			sourceTree = "<group>";
		};
		1E7E800E2139FA2D00F5B081 /* SpyScrollViewTests */ = {
			isa = PBXGroup;
			children = (
				1E7E800F2139FA2D00F5B081 /* SpyScrollViewTests.swift */,
				1E7E80112139FA2D00F5B081 /* Info.plist */,
			);
			path = SpyScrollViewTests;
			sourceTree = "<group>";
		};
		1E7E80192139FA2D00F5B081 /* SpyScrollViewUITests */ = {
			isa = PBXGroup;
			children = (
				1E7E801A2139FA2D00F5B081 /* SpyScrollViewUITests.swift */,
				1E7E801C2139FA2D00F5B081 /* Info.plist */,
			);
			path = SpyScrollViewUITests;
			sourceTree = "<group>";
		};
/* End PBXGroup section */

/* Begin PBXNativeTarget section */
		1E7E7FF62139FA2C00F5B081 /* SpyScrollView */ = {
			isa = PBXNativeTarget;
			buildConfigurationList = 1E7E801F2139FA2D00F5B081 /* Build configuration list for PBXNativeTarget "SpyScrollView" */;
			buildPhases = (
				1E7E7FF32139FA2C00F5B081 /* Sources */,
				1E7E7FF42139FA2C00F5B081 /* Frameworks */,
				1E7E7FF52139FA2C00F5B081 /* Resources */,
			);
			buildRules = (
			);
			dependencies = (
			);
			name = SpyScrollView;
			productName = SpyScrollView;
			productReference = 1E7E7FF72139FA2C00F5B081 /* SpyScrollView.app */;
			productType = "com.apple.product-type.application";
		};
		1E7E800A2139FA2D00F5B081 /* SpyScrollViewTests */ = {
			isa = PBXNativeTarget;
			buildConfigurationList = 1E7E80222139FA2D00F5B081 /* Build configuration list for PBXNativeTarget "SpyScrollViewTests" */;
			buildPhases = (
				1E7E80072139FA2D00F5B081 /* Sources */,
				1E7E80082139FA2D00F5B081 /* Frameworks */,
				1E7E80092139FA2D00F5B081 /* Resources */,
			);
			buildRules = (
			);
			dependencies = (
				1E7E800D2139FA2D00F5B081 /* PBXTargetDependency */,
			);
			name = SpyScrollViewTests;
			productName = SpyScrollViewTests;
			productReference = 1E7E800B2139FA2D00F5B081 /* SpyScrollViewTests.xctest */;
			productType = "com.apple.product-type.bundle.unit-test";
		};
		1E7E80152139FA2D00F5B081 /* SpyScrollViewUITests */ = {
			isa = PBXNativeTarget;
			buildConfigurationList = 1E7E80252139FA2D00F5B081 /* Build configuration list for PBXNativeTarget "SpyScrollViewUITests" */;
			buildPhases = (
				1E7E80122139FA2D00F5B081 /* Sources */,
				1E7E80132139FA2D00F5B081 /* Frameworks */,
				1E7E80142139FA2D00F5B081 /* Resources */,
			);
			buildRules = (
			);
			dependencies = (
				1E7E80182139FA2D00F5B081 /* PBXTargetDependency */,
			);
			name = SpyScrollViewUITests;
			productName = SpyScrollViewUITests;
			productReference = 1E7E80162139FA2D00F5B081 /* SpyScrollViewUITests.xctest */;
			productType = "com.apple.product-type.bundle.ui-testing";
		};
/* End PBXNativeTarget section */

/* Begin PBXProject section */
		1E7E7FEF2139FA2C00F5B081 /* Project object */ = {
			isa = PBXProject;
			attributes = {
				LastSwiftUpdateCheck = 0940;
				LastUpgradeCheck = 0940;
				ORGANIZATIONNAME = Ricardo_Abraham_Desiderio_Diplomado;
				TargetAttributes = {
					1E7E7FF62139FA2C00F5B081 = {
						CreatedOnToolsVersion = 9.4.1;
					};
					1E7E800A2139FA2D00F5B081 = {
						CreatedOnToolsVersion = 9.4.1;
						TestTargetID = 1E7E7FF62139FA2C00F5B081;
					};
					1E7E80152139FA2D00F5B081 = {
						CreatedOnToolsVersion = 9.4.1;
						TestTargetID = 1E7E7FF62139FA2C00F5B081;
					};
				};
			};
			buildConfigurationList = 1E7E7FF22139FA2C00F5B081 /* Build configuration list for PBXProject "SpyScrollView" */;
			compatibilityVersion = "Xcode 9.3";
			developmentRegion = en;
			hasScannedForEncodings = 0;
			knownRegions = (
				en,
				Base,
			);
			mainGroup = 1E7E7FEE2139FA2C00F5B081;
			productRefGroup = 1E7E7FF82139FA2C00F5B081 /* Products */;
			projectDirPath = "";
			projectRoot = "";
			targets = (
				1E7E7FF62139FA2C00F5B081 /* SpyScrollView */,
				1E7E800A2139FA2D00F5B081 /* SpyScrollViewTests */,
				1E7E80152139FA2D00F5B081 /* SpyScrollViewUITests */,
			);
		};
/* End PBXProject section */

/* Begin PBXResourcesBuildPhase section */
		1E7E7FF52139FA2C00F5B081 /* Resources */ = {
			isa = PBXResourcesBuildPhase;
			buildActionMask = 2147483647;
			files = (
				1E7E80052139FA2D00F5B081 /* LaunchScreen.storyboard in Resources */,
				1E7E80022139FA2D00F5B081 /* Assets.xcassets in Resources */,
				1E7E80002139FA2C00F5B081 /* Main.storyboard in Resources */,
			);
			runOnlyForDeploymentPostprocessing = 0;
		};
		1E7E80092139FA2D00F5B081 /* Resources */ = {
			isa = PBXResourcesBuildPhase;
			buildActionMask = 2147483647;
			files = (
			);
			runOnlyForDeploymentPostprocessing = 0;
		};
		1E7E80142139FA2D00F5B081 /* Resources */ = {
			isa = PBXResourcesBuildPhase;
			buildActionMask = 2147483647;
			files = (
			);
			runOnlyForDeploymentPostprocessing = 0;
		};
/* End PBXResourcesBuildPhase section */

/* Begin PBXSourcesBuildPhase section */
		1E7E7FF32139FA2C00F5B081 /* Sources */ = {
			isa = PBXSourcesBuildPhase;
			buildActionMask = 2147483647;
			files = (
				1E7E7FFD2139FA2C00F5B081 /* ViewController.swift in Sources */,
				1E7E7FFB2139FA2C00F5B081 /* AppDelegate.swift in Sources */,
			);
			runOnlyForDeploymentPostprocessing = 0;
		};
		1E7E80072139FA2D00F5B081 /* Sources */ = {
			isa = PBXSourcesBuildPhase;
			buildActionMask = 2147483647;
			files = (
				1E7E80102139FA2D00F5B081 /* SpyScrollViewTests.swift in Sources */,
			);
			runOnlyForDeploymentPostprocessing = 0;
		};
		1E7E80122139FA2D00F5B081 /* Sources */ = {
			isa = PBXSourcesBuildPhase;
			buildActionMask = 2147483647;
			files = (
				1E7E801B2139FA2D00F5B081 /* SpyScrollViewUITests.swift in Sources */,
			);
			runOnlyForDeploymentPostprocessing = 0;
		};
/* End PBXSourcesBuildPhase section */

/* Begin PBXTargetDependency section */
		1E7E800D2139FA2D00F5B081 /* PBXTargetDependency */ = {
			isa = PBXTargetDependency;
			target = 1E7E7FF62139FA2C00F5B081 /* SpyScrollView */;
			targetProxy = 1E7E800C2139FA2D00F5B081 /* PBXContainerItemProxy */;
		};
		1E7E80182139FA2D00F5B081 /* PBXTargetDependency */ = {
			isa = PBXTargetDependency;
			target = 1E7E7FF62139FA2C00F5B081 /* SpyScrollView */;
			targetProxy = 1E7E80172139FA2D00F5B081 /* PBXContainerItemProxy */;
		};
/* End PBXTargetDependency section */

/* Begin PBXVariantGroup section */
		1E7E7FFE2139FA2C00F5B081 /* Main.storyboard */ = {
			isa = PBXVariantGroup;
			children = (
				1E7E7FFF2139FA2C00F5B081 /* Base */,
			);
			name = Main.storyboard;
			sourceTree = "<group>";
		};
		1E7E80032139FA2D00F5B081 /* LaunchScreen.storyboard */ = {
			isa = PBXVariantGroup;
			children = (
				1E7E80042139FA2D00F5B081 /* Base */,
			);
			name = LaunchScreen.storyboard;
			sourceTree = "<group>";
		};
/* End PBXVariantGroup section */

/* Begin XCBuildConfiguration section */
		1E7E801D2139FA2D00F5B081 /* Debug */ = {
			isa = XCBuildConfiguration;
			buildSettings = {
				ALWAYS_SEARCH_USER_PATHS = NO;
				CLANG_ANALYZER_NONNULL = YES;
				CLANG_ANALYZER_NUMBER_OBJECT_CONVERSION = YES_AGGRESSIVE;
				CLANG_CXX_LANGUAGE_STANDARD = "gnu++14";
				CLANG_CXX_LIBRARY = "libc++";
				CLANG_ENABLE_MODULES = YES;
				CLANG_ENABLE_OBJC_ARC = YES;
				CLANG_ENABLE_OBJC_WEAK = YES;
				CLANG_WARN_BLOCK_CAPTURE_AUTORELEASING = YES;
				CLANG_WARN_BOOL_CONVERSION = YES;
				CLANG_WARN_COMMA = YES;
				CLANG_WARN_CONSTANT_CONVERSION = YES;
				CLANG_WARN_DEPRECATED_OBJC_IMPLEMENTATIONS = YES;
				CLANG_WARN_DIRECT_OBJC_ISA_USAGE = YES_ERROR;
				CLANG_WARN_DOCUMENTATION_COMMENTS = YES;
				CLANG_WARN_EMPTY_BODY = YES;
				CLANG_WARN_ENUM_CONVERSION = YES;
				CLANG_WARN_INFINITE_RECURSION = YES;
				CLANG_WARN_INT_CONVERSION = YES;
				CLANG_WARN_NON_LITERAL_NULL_CONVERSION = YES;
				CLANG_WARN_OBJC_IMPLICIT_RETAIN_SELF = YES;
				CLANG_WARN_OBJC_LITERAL_CONVERSION = YES;
				CLANG_WARN_OBJC_ROOT_CLASS = YES_ERROR;
				CLANG_WARN_RANGE_LOOP_ANALYSIS = YES;
				CLANG_WARN_STRICT_PROTOTYPES = YES;
				CLANG_WARN_SUSPICIOUS_MOVE = YES;
				CLANG_WARN_UNGUARDED_AVAILABILITY = YES_AGGRESSIVE;
				CLANG_WARN_UNREACHABLE_CODE = YES;
				CLANG_WARN__DUPLICATE_METHOD_MATCH = YES;
				CODE_SIGN_IDENTITY = "iPhone Developer";
				COPY_PHASE_STRIP = NO;
				DEBUG_INFORMATION_FORMAT = dwarf;
				ENABLE_STRICT_OBJC_MSGSEND = YES;
				ENABLE_TESTABILITY = YES;
				GCC_C_LANGUAGE_STANDARD = gnu11;
				GCC_DYNAMIC_NO_PIC = NO;
				GCC_NO_COMMON_BLOCKS = YES;
				GCC_OPTIMIZATION_LEVEL = 0;
				GCC_PREPROCESSOR_DEFINITIONS = (
					"DEBUG=1",
					"$(inherited)",
				);
				GCC_WARN_64_TO_32_BIT_CONVERSION = YES;
				GCC_WARN_ABOUT_RETURN_TYPE = YES_ERROR;
				GCC_WARN_UNDECLARED_SELECTOR = YES;
				GCC_WARN_UNINITIALIZED_AUTOS = YES_AGGRESSIVE;
				GCC_WARN_UNUSED_FUNCTION = YES;
				GCC_WARN_UNUSED_VARIABLE = YES;
				IPHONEOS_DEPLOYMENT_TARGET = 11.4;
				MTL_ENABLE_DEBUG_INFO = YES;
				ONLY_ACTIVE_ARCH = YES;
				SDKROOT = iphoneos;
				SWIFT_ACTIVE_COMPILATION_CONDITIONS = DEBUG;
				SWIFT_OPTIMIZATION_LEVEL = "-Onone";
			};
			name = Debug;
		};
		1E7E801E2139FA2D00F5B081 /* Release */ = {
			isa = XCBuildConfiguration;
			buildSettings = {
				ALWAYS_SEARCH_USER_PATHS = NO;
				CLANG_ANALYZER_NONNULL = YES;
				CLANG_ANALYZER_NUMBER_OBJECT_CONVERSION = YES_AGGRESSIVE;
				CLANG_CXX_LANGUAGE_STANDARD = "gnu++14";
				CLANG_CXX_LIBRARY = "libc++";
				CLANG_ENABLE_MODULES = YES;
				CLANG_ENABLE_OBJC_ARC = YES;
				CLANG_ENABLE_OBJC_WEAK = YES;
				CLANG_WARN_BLOCK_CAPTURE_AUTORELEASING = YES;
				CLANG_WARN_BOOL_CONVERSION = YES;
				CLANG_WARN_COMMA = YES;
				CLANG_WARN_CONSTANT_CONVERSION = YES;
				CLANG_WARN_DEPRECATED_OBJC_IMPLEMENTATIONS = YES;
				CLANG_WARN_DIRECT_OBJC_ISA_USAGE = YES_ERROR;
				CLANG_WARN_DOCUMENTATION_COMMENTS = YES;
				CLANG_WARN_EMPTY_BODY = YES;
				CLANG_WARN_ENUM_CONVERSION = YES;
				CLANG_WARN_INFINITE_RECURSION = YES;
				CLANG_WARN_INT_CONVERSION = YES;
				CLANG_WARN_NON_LITERAL_NULL_CONVERSION = YES;
				CLANG_WARN_OBJC_IMPLICIT_RETAIN_SELF = YES;
				CLANG_WARN_OBJC_LITERAL_CONVERSION = YES;
				CLANG_WARN_OBJC_ROOT_CLASS = YES_ERROR;
				CLANG_WARN_RANGE_LOOP_ANALYSIS = YES;
				CLANG_WARN_STRICT_PROTOTYPES = YES;
				CLANG_WARN_SUSPICIOUS_MOVE = YES;
				CLANG_WARN_UNGUARDED_AVAILABILITY = YES_AGGRESSIVE;
				CLANG_WARN_UNREACHABLE_CODE = YES;
				CLANG_WARN__DUPLICATE_METHOD_MATCH = YES;
				CODE_SIGN_IDENTITY = "iPhone Developer";
				COPY_PHASE_STRIP = NO;
				DEBUG_INFORMATION_FORMAT = "dwarf-with-dsym";
				ENABLE_NS_ASSERTIONS = NO;
				ENABLE_STRICT_OBJC_MSGSEND = YES;
				GCC_C_LANGUAGE_STANDARD = gnu11;
				GCC_NO_COMMON_BLOCKS = YES;
				GCC_WARN_64_TO_32_BIT_CONVERSION = YES;
				GCC_WARN_ABOUT_RETURN_TYPE = YES_ERROR;
				GCC_WARN_UNDECLARED_SELECTOR = YES;
				GCC_WARN_UNINITIALIZED_AUTOS = YES_AGGRESSIVE;
				GCC_WARN_UNUSED_FUNCTION = YES;
				GCC_WARN_UNUSED_VARIABLE = YES;
				IPHONEOS_DEPLOYMENT_TARGET = 11.4;
				MTL_ENABLE_DEBUG_INFO = NO;
				SDKROOT = iphoneos;
				SWIFT_COMPILATION_MODE = wholemodule;
				SWIFT_OPTIMIZATION_LEVEL = "-O";
				VALIDATE_PRODUCT = YES;
			};
			name = Release;
		};
		1E7E80202139FA2D00F5B081 /* Debug */ = {
			isa = XCBuildConfiguration;
			buildSettings = {
				ASSETCATALOG_COMPILER_APPICON_NAME = AppIcon;
				CODE_SIGN_STYLE = Automatic;
				INFOPLIST_FILE = SpyScrollView/Info.plist;
				LD_RUNPATH_SEARCH_PATHS = (
					"$(inherited)",
					"@executable_path/Frameworks",
				);
				PRODUCT_BUNDLE_IDENTIFIER = RADG.SpyScrollView;
				PRODUCT_NAME = "$(TARGET_NAME)";
				SWIFT_VERSION = 4.0;
				TARGETED_DEVICE_FAMILY = "1,2";
			};
			name = Debug;
		};
		1E7E80212139FA2D00F5B081 /* Release */ = {
			isa = XCBuildConfiguration;
			buildSettings = {
				ASSETCATALOG_COMPILER_APPICON_NAME = AppIcon;
				CODE_SIGN_STYLE = Automatic;
				INFOPLIST_FILE = SpyScrollView/Info.plist;
				LD_RUNPATH_SEARCH_PATHS = (
					"$(inherited)",
					"@executable_path/Frameworks",
				);
				PRODUCT_BUNDLE_IDENTIFIER = RADG.SpyScrollView;
				PRODUCT_NAME = "$(TARGET_NAME)";
				SWIFT_VERSION = 4.0;
				TARGETED_DEVICE_FAMILY = "1,2";
			};
			name = Release;
		};
		1E7E80232139FA2D00F5B081 /* Debug */ = {
			isa = XCBuildConfiguration;
			buildSettings = {
				ALWAYS_EMBED_SWIFT_STANDARD_LIBRARIES = YES;
				BUNDLE_LOADER = "$(TEST_HOST)";
				CODE_SIGN_STYLE = Automatic;
				INFOPLIST_FILE = SpyScrollViewTests/Info.plist;
				LD_RUNPATH_SEARCH_PATHS = (
					"$(inherited)",
					"@executable_path/Frameworks",
					"@loader_path/Frameworks",
				);
				PRODUCT_BUNDLE_IDENTIFIER = RADG.SpyScrollViewTests;
				PRODUCT_NAME = "$(TARGET_NAME)";
				SWIFT_VERSION = 4.0;
				TARGETED_DEVICE_FAMILY = "1,2";
				TEST_HOST = "$(BUILT_PRODUCTS_DIR)/SpyScrollView.app/SpyScrollView";
			};
			name = Debug;
		};
		1E7E80242139FA2D00F5B081 /* Release */ = {
			isa = XCBuildConfiguration;
			buildSettings = {
				ALWAYS_EMBED_SWIFT_STANDARD_LIBRARIES = YES;
				BUNDLE_LOADER = "$(TEST_HOST)";
				CODE_SIGN_STYLE = Automatic;
				INFOPLIST_FILE = SpyScrollViewTests/Info.plist;
				LD_RUNPATH_SEARCH_PATHS = (
					"$(inherited)",
					"@executable_path/Frameworks",
					"@loader_path/Frameworks",
				);
				PRODUCT_BUNDLE_IDENTIFIER = RADG.SpyScrollViewTests;
				PRODUCT_NAME = "$(TARGET_NAME)";
				SWIFT_VERSION = 4.0;
				TARGETED_DEVICE_FAMILY = "1,2";
				TEST_HOST = "$(BUILT_PRODUCTS_DIR)/SpyScrollView.app/SpyScrollView";
			};
			name = Release;
		};
		1E7E80262139FA2D00F5B081 /* Debug */ = {
			isa = XCBuildConfiguration;
			buildSettings = {
				ALWAYS_EMBED_SWIFT_STANDARD_LIBRARIES = YES;
				CODE_SIGN_STYLE = Automatic;
				INFOPLIST_FILE = SpyScrollViewUITests/Info.plist;
				LD_RUNPATH_SEARCH_PATHS = (
					"$(inherited)",
					"@executable_path/Frameworks",
					"@loader_path/Frameworks",
				);
				PRODUCT_BUNDLE_IDENTIFIER = RADG.SpyScrollViewUITests;
				PRODUCT_NAME = "$(TARGET_NAME)";
				SWIFT_VERSION = 4.0;
				TARGETED_DEVICE_FAMILY = "1,2";
				TEST_TARGET_NAME = SpyScrollView;
			};
			name = Debug;
		};
		1E7E80272139FA2D00F5B081 /* Release */ = {
			isa = XCBuildConfiguration;
			buildSettings = {
				ALWAYS_EMBED_SWIFT_STANDARD_LIBRARIES = YES;
				CODE_SIGN_STYLE = Automatic;
				INFOPLIST_FILE = SpyScrollViewUITests/Info.plist;
				LD_RUNPATH_SEARCH_PATHS = (
					"$(inherited)",
					"@executable_path/Frameworks",
					"@loader_path/Frameworks",
				);
				PRODUCT_BUNDLE_IDENTIFIER = RADG.SpyScrollViewUITests;
				PRODUCT_NAME = "$(TARGET_NAME)";
				SWIFT_VERSION = 4.0;
				TARGETED_DEVICE_FAMILY = "1,2";
				TEST_TARGET_NAME = SpyScrollView;
			};
			name = Release;
		};
/* End XCBuildConfiguration section */

/* Begin XCConfigurationList section */
		1E7E7FF22139FA2C00F5B081 /* Build configuration list for PBXProject "SpyScrollView" */ = {
			isa = XCConfigurationList;
			buildConfigurations = (
				1E7E801D2139FA2D00F5B081 /* Debug */,
				1E7E801E2139FA2D00F5B081 /* Release */,
			);
			defaultConfigurationIsVisible = 0;
			defaultConfigurationName = Release;
		};
		1E7E801F2139FA2D00F5B081 /* Build configuration list for PBXNativeTarget "SpyScrollView" */ = {
			isa = XCConfigurationList;
			buildConfigurations = (
				1E7E80202139FA2D00F5B081 /* Debug */,
				1E7E80212139FA2D00F5B081 /* Release */,
			);
			defaultConfigurationIsVisible = 0;
			defaultConfigurationName = Release;
		};
		1E7E80222139FA2D00F5B081 /* Build configuration list for PBXNativeTarget "SpyScrollViewTests" */ = {
			isa = XCConfigurationList;
			buildConfigurations = (
				1E7E80232139FA2D00F5B081 /* Debug */,
				1E7E80242139FA2D00F5B081 /* Release */,
			);
			defaultConfigurationIsVisible = 0;
			defaultConfigurationName = Release;
		};
		1E7E80252139FA2D00F5B081 /* Build configuration list for PBXNativeTarget "SpyScrollViewUITests" */ = {
			isa = XCConfigurationList;
			buildConfigurations = (
				1E7E80262139FA2D00F5B081 /* Debug */,
				1E7E80272139FA2D00F5B081 /* Release */,
			);
			defaultConfigurationIsVisible = 0;
			defaultConfigurationName = Release;
		};
/* End XCConfigurationList section */
	};
	rootObject = 1E7E7FEF2139FA2C00F5B081 /* Project object */;
}
