// !$*UTF8*$!
{
	archiveVersion = 1;
	classes = {
	};
	objectVersion = 50;
	objects = {

/* Begin PBXBuildFile section */
		1E45F8F02155ABD20049CA80 /* FishViewController.swift in Sources */ = {isa = PBXBuildFile; fileRef = 1E45F8EE2155ABD20049CA80 /* FishViewController.swift */; };
		1E45F8F12155ABD20049CA80 /* FishViewController.xib in Resources */ = {isa = PBXBuildFile; fileRef = 1E45F8EF2155ABD20049CA80 /* FishViewController.xib */; };
		1E45F8F42155AEA70049CA80 /* FishesViewCellTableViewCell.swift in Sources */ = {isa = PBXBuildFile; fileRef = 1E45F8F22155AEA70049CA80 /* FishesViewCellTableViewCell.swift */; };
		1E45F8F52155AEA70049CA80 /* FishesViewCellTableViewCell.xib in Resources */ = {isa = PBXBuildFile; fileRef = 1E45F8F32155AEA70049CA80 /* FishesViewCellTableViewCell.xib */; };
		1E45F8F72155C2B80049CA80 /* Storyboard.storyboard in Resources */ = {isa = PBXBuildFile; fileRef = 1E45F8F62155C2B80049CA80 /* Storyboard.storyboard */; };
		1E45F8F92155C4250049CA80 /* detailViewController.swift in Sources */ = {isa = PBXBuildFile; fileRef = 1E45F8F82155C4250049CA80 /* detailViewController.swift */; };
		1E92B987214C6CC500CB5210 /* AppDelegate.swift in Sources */ = {isa = PBXBuildFile; fileRef = 1E92B986214C6CC500CB5210 /* AppDelegate.swift */; };
		1E92B990214C6CC700CB5210 /* Assets.xcassets in Resources */ = {isa = PBXBuildFile; fileRef = 1E92B98F214C6CC700CB5210 /* Assets.xcassets */; };
		1E92B993214C6CC700CB5210 /* LaunchScreen.storyboard in Resources */ = {isa = PBXBuildFile; fileRef = 1E92B991214C6CC700CB5210 /* LaunchScreen.storyboard */; };
		1E92B99E214C6CC700CB5210 /* plasticfishes_mvcTests.swift in Sources */ = {isa = PBXBuildFile; fileRef = 1E92B99D214C6CC700CB5210 /* plasticfishes_mvcTests.swift */; };
		1ECB9D21214C831F00C71A89 /* dataSource.swift in Sources */ = {isa = PBXBuildFile; fileRef = 1ECB9D20214C831F00C71A89 /* dataSource.swift */; };
		1ECB9D23214C841D00C71A89 /* Fish.swift in Sources */ = {isa = PBXBuildFile; fileRef = 1ECB9D22214C841D00C71A89 /* Fish.swift */; };
		1ECB9D26214C881500C71A89 /* FishService.swift in Sources */ = {isa = PBXBuildFile; fileRef = 1ECB9D25214C881500C71A89 /* FishService.swift */; };
		1EE4FAFF2156902F0052D057 /* Client.swift in Sources */ = {isa = PBXBuildFile; fileRef = 1EE4FAFE2156902F0052D057 /* Client.swift */; };
/* End PBXBuildFile section */

/* Begin PBXContainerItemProxy section */
		1E92B99A214C6CC700CB5210 /* PBXContainerItemProxy */ = {
			isa = PBXContainerItemProxy;
			containerPortal = 1E92B97B214C6CC500CB5210 /* Project object */;
			proxyType = 1;
			remoteGlobalIDString = 1E92B982214C6CC500CB5210;
			remoteInfo = "plasticfishes-mvc";
		};
/* End PBXContainerItemProxy section */

/* Begin PBXFileReference section */
		1E45F8EE2155ABD20049CA80 /* FishViewController.swift */ = {isa = PBXFileReference; lastKnownFileType = sourcecode.swift; path = FishViewController.swift; sourceTree = "<group>"; };
		1E45F8EF2155ABD20049CA80 /* FishViewController.xib */ = {isa = PBXFileReference; lastKnownFileType = file.xib; path = FishViewController.xib; sourceTree = "<group>"; };
		1E45F8F22155AEA70049CA80 /* FishesViewCellTableViewCell.swift */ = {isa = PBXFileReference; lastKnownFileType = sourcecode.swift; path = FishesViewCellTableViewCell.swift; sourceTree = "<group>"; };
		1E45F8F32155AEA70049CA80 /* FishesViewCellTableViewCell.xib */ = {isa = PBXFileReference; lastKnownFileType = file.xib; path = FishesViewCellTableViewCell.xib; sourceTree = "<group>"; };
		1E45F8F62155C2B80049CA80 /* Storyboard.storyboard */ = {isa = PBXFileReference; lastKnownFileType = file.storyboard; path = Storyboard.storyboard; sourceTree = "<group>"; };
		1E45F8F82155C4250049CA80 /* detailViewController.swift */ = {isa = PBXFileReference; lastKnownFileType = sourcecode.swift; path = detailViewController.swift; sourceTree = "<group>"; };
		1E92B983214C6CC500CB5210 /* plasticfishes-mvc.app */ = {isa = PBXFileReference; explicitFileType = wrapper.application; includeInIndex = 0; path = "plasticfishes-mvc.app"; sourceTree = BUILT_PRODUCTS_DIR; };
		1E92B986214C6CC500CB5210 /* AppDelegate.swift */ = {isa = PBXFileReference; lastKnownFileType = sourcecode.swift; path = AppDelegate.swift; sourceTree = "<group>"; };
		1E92B98F214C6CC700CB5210 /* Assets.xcassets */ = {isa = PBXFileReference; lastKnownFileType = folder.assetcatalog; path = Assets.xcassets; sourceTree = "<group>"; };
		1E92B992214C6CC700CB5210 /* Base */ = {isa = PBXFileReference; lastKnownFileType = file.storyboard; name = Base; path = Base.lproj/LaunchScreen.storyboard; sourceTree = "<group>"; };
		1E92B994214C6CC700CB5210 /* Info.plist */ = {isa = PBXFileReference; lastKnownFileType = text.plist.xml; path = Info.plist; sourceTree = "<group>"; };
		1E92B999214C6CC700CB5210 /* plasticfishes-mvcTests.xctest */ = {isa = PBXFileReference; explicitFileType = wrapper.cfbundle; includeInIndex = 0; path = "plasticfishes-mvcTests.xctest"; sourceTree = BUILT_PRODUCTS_DIR; };
		1E92B99D214C6CC700CB5210 /* plasticfishes_mvcTests.swift */ = {isa = PBXFileReference; lastKnownFileType = sourcecode.swift; path = plasticfishes_mvcTests.swift; sourceTree = "<group>"; };
		1E92B99F214C6CC700CB5210 /* Info.plist */ = {isa = PBXFileReference; lastKnownFileType = text.plist.xml; path = Info.plist; sourceTree = "<group>"; };
		1ECB9D20214C831F00C71A89 /* dataSource.swift */ = {isa = PBXFileReference; lastKnownFileType = sourcecode.swift; path = dataSource.swift; sourceTree = "<group>"; };
		1ECB9D22214C841D00C71A89 /* Fish.swift */ = {isa = PBXFileReference; lastKnownFileType = sourcecode.swift; path = Fish.swift; sourceTree = "<group>"; };
		1ECB9D25214C881500C71A89 /* FishService.swift */ = {isa = PBXFileReference; lastKnownFileType = sourcecode.swift; path = FishService.swift; sourceTree = "<group>"; };
		1EE4FAFE2156902F0052D057 /* Client.swift */ = {isa = PBXFileReference; lastKnownFileType = sourcecode.swift; path = Client.swift; sourceTree = "<group>"; };
/* End PBXFileReference section */

/* Begin PBXFrameworksBuildPhase section */
		1E92B980214C6CC500CB5210 /* Frameworks */ = {
			isa = PBXFrameworksBuildPhase;
			buildActionMask = 2147483647;
			files = (
			);
			runOnlyForDeploymentPostprocessing = 0;
		};
		1E92B996214C6CC700CB5210 /* Frameworks */ = {
			isa = PBXFrameworksBuildPhase;
			buildActionMask = 2147483647;
			files = (
			);
			runOnlyForDeploymentPostprocessing = 0;
		};
/* End PBXFrameworksBuildPhase section */

/* Begin PBXGroup section */
		1E45F8ED2155ABB30049CA80 /* Controllers */ = {
			isa = PBXGroup;
			children = (
				1E45F8EE2155ABD20049CA80 /* FishViewController.swift */,
				1E45F8EF2155ABD20049CA80 /* FishViewController.xib */,
				1E45F8F22155AEA70049CA80 /* FishesViewCellTableViewCell.swift */,
				1E45F8F32155AEA70049CA80 /* FishesViewCellTableViewCell.xib */,
			);
			path = Controllers;
			sourceTree = "<group>";
		};
		1E92B97A214C6CC500CB5210 = {
			isa = PBXGroup;
			children = (
				1E92B985214C6CC500CB5210 /* plasticfishes-mvc */,
				1E92B99C214C6CC700CB5210 /* plasticfishes-mvcTests */,
				1E92B984214C6CC500CB5210 /* Products */,
			);
			sourceTree = "<group>";
		};
		1E92B984214C6CC500CB5210 /* Products */ = {
			isa = PBXGroup;
			children = (
				1E92B983214C6CC500CB5210 /* plasticfishes-mvc.app */,
				1E92B999214C6CC700CB5210 /* plasticfishes-mvcTests.xctest */,
			);
			name = Products;
			sourceTree = "<group>";
		};
		1E92B985214C6CC500CB5210 /* plasticfishes-mvc */ = {
			isa = PBXGroup;
			children = (
				1E45F8F62155C2B80049CA80 /* Storyboard.storyboard */,
				1E45F8F82155C4250049CA80 /* detailViewController.swift */,
				1E45F8ED2155ABB30049CA80 /* Controllers */,
				1ECB9D24214C879300C71A89 /* services */,
				1ECB9D1F214C830300C71A89 /* Network */,
				1E92B9A8214C70FE00CB5210 /* Models */,
				1E92B9AA214C713100CB5210 /* Views */,
				1E92B986214C6CC500CB5210 /* AppDelegate.swift */,
				1E92B98F214C6CC700CB5210 /* Assets.xcassets */,
				1E92B991214C6CC700CB5210 /* LaunchScreen.storyboard */,
				1E92B994214C6CC700CB5210 /* Info.plist */,
			);
			path = "plasticfishes-mvc";
			sourceTree = "<group>";
		};
		1E92B99C214C6CC700CB5210 /* plasticfishes-mvcTests */ = {
			isa = PBXGroup;
			children = (
				1E92B99D214C6CC700CB5210 /* plasticfishes_mvcTests.swift */,
				1E92B99F214C6CC700CB5210 /* Info.plist */,
			);
			path = "plasticfishes-mvcTests";
			sourceTree = "<group>";
		};
		1E92B9A8214C70FE00CB5210 /* Models */ = {
			isa = PBXGroup;
			children = (
				1ECB9D22214C841D00C71A89 /* Fish.swift */,
			);
			path = Models;
			sourceTree = "<group>";
		};
		1E92B9AA214C713100CB5210 /* Views */ = {
			isa = PBXGroup;
			children = (
			);
			path = Views;
			sourceTree = "<group>";
		};
		1ECB9D1F214C830300C71A89 /* Network */ = {
			isa = PBXGroup;
			children = (
				1ECB9D20214C831F00C71A89 /* dataSource.swift */,
			);
			path = Network;
			sourceTree = "<group>";
		};
		1ECB9D24214C879300C71A89 /* services */ = {
			isa = PBXGroup;
			children = (
				1ECB9D25214C881500C71A89 /* FishService.swift */,
				1EE4FAFE2156902F0052D057 /* Client.swift */,
			);
			path = services;
			sourceTree = "<group>";
		};
/* End PBXGroup section */

/* Begin PBXNativeTarget section */
		1E92B982214C6CC500CB5210 /* plasticfishes-mvc */ = {
			isa = PBXNativeTarget;
			buildConfigurationList = 1E92B9A2214C6CC700CB5210 /* Build configuration list for PBXNativeTarget "plasticfishes-mvc" */;
			buildPhases = (
				1E92B97F214C6CC500CB5210 /* Sources */,
				1E92B980214C6CC500CB5210 /* Frameworks */,
				1E92B981214C6CC500CB5210 /* Resources */,
			);
			buildRules = (
			);
			dependencies = (
			);
			name = "plasticfishes-mvc";
			productName = "plasticfishes-mvc";
			productReference = 1E92B983214C6CC500CB5210 /* plasticfishes-mvc.app */;
			productType = "com.apple.product-type.application";
		};
		1E92B998214C6CC700CB5210 /* plasticfishes-mvcTests */ = {
			isa = PBXNativeTarget;
			buildConfigurationList = 1E92B9A5214C6CC700CB5210 /* Build configuration list for PBXNativeTarget "plasticfishes-mvcTests" */;
			buildPhases = (
				1E92B995214C6CC700CB5210 /* Sources */,
				1E92B996214C6CC700CB5210 /* Frameworks */,
				1E92B997214C6CC700CB5210 /* Resources */,
			);
			buildRules = (
			);
			dependencies = (
				1E92B99B214C6CC700CB5210 /* PBXTargetDependency */,
			);
			name = "plasticfishes-mvcTests";
			productName = "plasticfishes-mvcTests";
			productReference = 1E92B999214C6CC700CB5210 /* plasticfishes-mvcTests.xctest */;
			productType = "com.apple.product-type.bundle.unit-test";
		};
/* End PBXNativeTarget section */

/* Begin PBXProject section */
		1E92B97B214C6CC500CB5210 /* Project object */ = {
			isa = PBXProject;
			attributes = {
				LastSwiftUpdateCheck = 0940;
				LastUpgradeCheck = 0940;
				ORGANIZATIONNAME = Ricardo_Abraham_Desiderio_Diplomado;
				TargetAttributes = {
					1E92B982214C6CC500CB5210 = {
						CreatedOnToolsVersion = 9.4.1;
					};
					1E92B998214C6CC700CB5210 = {
						CreatedOnToolsVersion = 9.4.1;
						TestTargetID = 1E92B982214C6CC500CB5210;
					};
				};
			};
			buildConfigurationList = 1E92B97E214C6CC500CB5210 /* Build configuration list for PBXProject "plasticfishes-mvc" */;
			compatibilityVersion = "Xcode 9.3";
			developmentRegion = en;
			hasScannedForEncodings = 0;
			knownRegions = (
				en,
				Base,
			);
			mainGroup = 1E92B97A214C6CC500CB5210;
			productRefGroup = 1E92B984214C6CC500CB5210 /* Products */;
			projectDirPath = "";
			projectRoot = "";
			targets = (
				1E92B982214C6CC500CB5210 /* plasticfishes-mvc */,
				1E92B998214C6CC700CB5210 /* plasticfishes-mvcTests */,
			);
		};
/* End PBXProject section */

/* Begin PBXResourcesBuildPhase section */
		1E92B981214C6CC500CB5210 /* Resources */ = {
			isa = PBXResourcesBuildPhase;
			buildActionMask = 2147483647;
			files = (
				1E45F8F52155AEA70049CA80 /* FishesViewCellTableViewCell.xib in Resources */,
				1E92B993214C6CC700CB5210 /* LaunchScreen.storyboard in Resources */,
				1E45F8F12155ABD20049CA80 /* FishViewController.xib in Resources */,
				1E92B990214C6CC700CB5210 /* Assets.xcassets in Resources */,
				1E45F8F72155C2B80049CA80 /* Storyboard.storyboard in Resources */,
			);
			runOnlyForDeploymentPostprocessing = 0;
		};
		1E92B997214C6CC700CB5210 /* Resources */ = {
			isa = PBXResourcesBuildPhase;
			buildActionMask = 2147483647;
			files = (
			);
			runOnlyForDeploymentPostprocessing = 0;
		};
/* End PBXResourcesBuildPhase section */

/* Begin PBXSourcesBuildPhase section */
		1E92B97F214C6CC500CB5210 /* Sources */ = {
			isa = PBXSourcesBuildPhase;
			buildActionMask = 2147483647;
			files = (
				1ECB9D23214C841D00C71A89 /* Fish.swift in Sources */,
				1ECB9D21214C831F00C71A89 /* dataSource.swift in Sources */,
				1E45F8F42155AEA70049CA80 /* FishesViewCellTableViewCell.swift in Sources */,
				1E92B987214C6CC500CB5210 /* AppDelegate.swift in Sources */,
				1E45F8F02155ABD20049CA80 /* FishViewController.swift in Sources */,
				1E45F8F92155C4250049CA80 /* detailViewController.swift in Sources */,
				1EE4FAFF2156902F0052D057 /* Client.swift in Sources */,
				1ECB9D26214C881500C71A89 /* FishService.swift in Sources */,
			);
			runOnlyForDeploymentPostprocessing = 0;
		};
		1E92B995214C6CC700CB5210 /* Sources */ = {
			isa = PBXSourcesBuildPhase;
			buildActionMask = 2147483647;
			files = (
				1E92B99E214C6CC700CB5210 /* plasticfishes_mvcTests.swift in Sources */,
			);
			runOnlyForDeploymentPostprocessing = 0;
		};
/* End PBXSourcesBuildPhase section */

/* Begin PBXTargetDependency section */
		1E92B99B214C6CC700CB5210 /* PBXTargetDependency */ = {
			isa = PBXTargetDependency;
			target = 1E92B982214C6CC500CB5210 /* plasticfishes-mvc */;
			targetProxy = 1E92B99A214C6CC700CB5210 /* PBXContainerItemProxy */;
		};
/* End PBXTargetDependency section */

/* Begin PBXVariantGroup section */
		1E92B991214C6CC700CB5210 /* LaunchScreen.storyboard */ = {
			isa = PBXVariantGroup;
			children = (
				1E92B992214C6CC700CB5210 /* Base */,
			);
			name = LaunchScreen.storyboard;
			sourceTree = "<group>";
		};
/* End PBXVariantGroup section */

/* Begin XCBuildConfiguration section */
		1E92B9A0214C6CC700CB5210 /* Debug */ = {
			isa = XCBuildConfiguration;
			buildSettings = {
				ALWAYS_SEARCH_USER_PATHS = NO;
				CLANG_ANALYZER_NONNULL = YES;
				CLANG_ANALYZER_NUMBER_OBJECT_CONVERSION = YES_AGGRESSIVE;
				CLANG_CXX_LANGUAGE_STANDARD = "gnu++14";
				CLANG_CXX_LIBRARY = "libc++";
				CLANG_ENABLE_MODULES = YES;
				CLANG_ENABLE_OBJC_ARC = YES;
				CLANG_ENABLE_OBJC_WEAK = YES;
				CLANG_WARN_BLOCK_CAPTURE_AUTORELEASING = YES;
				CLANG_WARN_BOOL_CONVERSION = YES;
				CLANG_WARN_COMMA = YES;
				CLANG_WARN_CONSTANT_CONVERSION = YES;
				CLANG_WARN_DEPRECATED_OBJC_IMPLEMENTATIONS = YES;
				CLANG_WARN_DIRECT_OBJC_ISA_USAGE = YES_ERROR;
				CLANG_WARN_DOCUMENTATION_COMMENTS = YES;
				CLANG_WARN_EMPTY_BODY = YES;
				CLANG_WARN_ENUM_CONVERSION = YES;
				CLANG_WARN_INFINITE_RECURSION = YES;
				CLANG_WARN_INT_CONVERSION = YES;
				CLANG_WARN_NON_LITERAL_NULL_CONVERSION = YES;
				CLANG_WARN_OBJC_IMPLICIT_RETAIN_SELF = YES;
				CLANG_WARN_OBJC_LITERAL_CONVERSION = YES;
				CLANG_WARN_OBJC_ROOT_CLASS = YES_ERROR;
				CLANG_WARN_RANGE_LOOP_ANALYSIS = YES;
				CLANG_WARN_STRICT_PROTOTYPES = YES;
				CLANG_WARN_SUSPICIOUS_MOVE = YES;
				CLANG_WARN_UNGUARDED_AVAILABILITY = YES_AGGRESSIVE;
				CLANG_WARN_UNREACHABLE_CODE = YES;
				CLANG_WARN__DUPLICATE_METHOD_MATCH = YES;
				CODE_SIGN_IDENTITY = "iPhone Developer";
				COPY_PHASE_STRIP = NO;
				DEBUG_INFORMATION_FORMAT = dwarf;
				ENABLE_STRICT_OBJC_MSGSEND = YES;
				ENABLE_TESTABILITY = YES;
				GCC_C_LANGUAGE_STANDARD = gnu11;
				GCC_DYNAMIC_NO_PIC = NO;
				GCC_NO_COMMON_BLOCKS = YES;
				GCC_OPTIMIZATION_LEVEL = 0;
				GCC_PREPROCESSOR_DEFINITIONS = (
					"DEBUG=1",
					"$(inherited)",
				);
				GCC_WARN_64_TO_32_BIT_CONVERSION = YES;
				GCC_WARN_ABOUT_RETURN_TYPE = YES_ERROR;
				GCC_WARN_UNDECLARED_SELECTOR = YES;
				GCC_WARN_UNINITIALIZED_AUTOS = YES_AGGRESSIVE;
				GCC_WARN_UNUSED_FUNCTION = YES;
				GCC_WARN_UNUSED_VARIABLE = YES;
				IPHONEOS_DEPLOYMENT_TARGET = 11.4;
				MTL_ENABLE_DEBUG_INFO = YES;
				ONLY_ACTIVE_ARCH = YES;
				SDKROOT = iphoneos;
				SWIFT_ACTIVE_COMPILATION_CONDITIONS = DEBUG;
				SWIFT_OPTIMIZATION_LEVEL = "-Onone";
			};
			name = Debug;
		};
		1E92B9A1214C6CC700CB5210 /* Release */ = {
			isa = XCBuildConfiguration;
			buildSettings = {
				ALWAYS_SEARCH_USER_PATHS = NO;
				CLANG_ANALYZER_NONNULL = YES;
				CLANG_ANALYZER_NUMBER_OBJECT_CONVERSION = YES_AGGRESSIVE;
				CLANG_CXX_LANGUAGE_STANDARD = "gnu++14";
				CLANG_CXX_LIBRARY = "libc++";
				CLANG_ENABLE_MODULES = YES;
				CLANG_ENABLE_OBJC_ARC = YES;
				CLANG_ENABLE_OBJC_WEAK = YES;
				CLANG_WARN_BLOCK_CAPTURE_AUTORELEASING = YES;
				CLANG_WARN_BOOL_CONVERSION = YES;
				CLANG_WARN_COMMA = YES;
				CLANG_WARN_CONSTANT_CONVERSION = YES;
				CLANG_WARN_DEPRECATED_OBJC_IMPLEMENTATIONS = YES;
				CLANG_WARN_DIRECT_OBJC_ISA_USAGE = YES_ERROR;
				CLANG_WARN_DOCUMENTATION_COMMENTS = YES;
				CLANG_WARN_EMPTY_BODY = YES;
				CLANG_WARN_ENUM_CONVERSION = YES;
				CLANG_WARN_INFINITE_RECURSION = YES;
				CLANG_WARN_INT_CONVERSION = YES;
				CLANG_WARN_NON_LITERAL_NULL_CONVERSION = YES;
				CLANG_WARN_OBJC_IMPLICIT_RETAIN_SELF = YES;
				CLANG_WARN_OBJC_LITERAL_CONVERSION = YES;
				CLANG_WARN_OBJC_ROOT_CLASS = YES_ERROR;
				CLANG_WARN_RANGE_LOOP_ANALYSIS = YES;
				CLANG_WARN_STRICT_PROTOTYPES = YES;
				CLANG_WARN_SUSPICIOUS_MOVE = YES;
				CLANG_WARN_UNGUARDED_AVAILABILITY = YES_AGGRESSIVE;
				CLANG_WARN_UNREACHABLE_CODE = YES;
				CLANG_WARN__DUPLICATE_METHOD_MATCH = YES;
				CODE_SIGN_IDENTITY = "iPhone Developer";
				COPY_PHASE_STRIP = NO;
				DEBUG_INFORMATION_FORMAT = "dwarf-with-dsym";
				ENABLE_NS_ASSERTIONS = NO;
				ENABLE_STRICT_OBJC_MSGSEND = YES;
				GCC_C_LANGUAGE_STANDARD = gnu11;
				GCC_NO_COMMON_BLOCKS = YES;
				GCC_WARN_64_TO_32_BIT_CONVERSION = YES;
				GCC_WARN_ABOUT_RETURN_TYPE = YES_ERROR;
				GCC_WARN_UNDECLARED_SELECTOR = YES;
				GCC_WARN_UNINITIALIZED_AUTOS = YES_AGGRESSIVE;
				GCC_WARN_UNUSED_FUNCTION = YES;
				GCC_WARN_UNUSED_VARIABLE = YES;
				IPHONEOS_DEPLOYMENT_TARGET = 11.4;
				MTL_ENABLE_DEBUG_INFO = NO;
				SDKROOT = iphoneos;
				SWIFT_COMPILATION_MODE = wholemodule;
				SWIFT_OPTIMIZATION_LEVEL = "-O";
				VALIDATE_PRODUCT = YES;
			};
			name = Release;
		};
		1E92B9A3214C6CC700CB5210 /* Debug */ = {
			isa = XCBuildConfiguration;
			buildSettings = {
				ASSETCATALOG_COMPILER_APPICON_NAME = AppIcon;
				CODE_SIGN_STYLE = Automatic;
				INFOPLIST_FILE = "plasticfishes-mvc/Info.plist";
				LD_RUNPATH_SEARCH_PATHS = (
					"$(inherited)",
					"@executable_path/Frameworks",
				);
				PRODUCT_BUNDLE_IDENTIFIER = "RADG.plasticfishes-mvc";
				PRODUCT_NAME = "$(TARGET_NAME)";
				SWIFT_VERSION = 4.0;
				TARGETED_DEVICE_FAMILY = "1,2";
			};
			name = Debug;
		};
		1E92B9A4214C6CC700CB5210 /* Release */ = {
			isa = XCBuildConfiguration;
			buildSettings = {
				ASSETCATALOG_COMPILER_APPICON_NAME = AppIcon;
				CODE_SIGN_STYLE = Automatic;
				INFOPLIST_FILE = "plasticfishes-mvc/Info.plist";
				LD_RUNPATH_SEARCH_PATHS = (
					"$(inherited)",
					"@executable_path/Frameworks",
				);
				PRODUCT_BUNDLE_IDENTIFIER = "RADG.plasticfishes-mvc";
				PRODUCT_NAME = "$(TARGET_NAME)";
				SWIFT_VERSION = 4.0;
				TARGETED_DEVICE_FAMILY = "1,2";
			};
			name = Release;
		};
		1E92B9A6214C6CC700CB5210 /* Debug */ = {
			isa = XCBuildConfiguration;
			buildSettings = {
				ALWAYS_EMBED_SWIFT_STANDARD_LIBRARIES = YES;
				BUNDLE_LOADER = "$(TEST_HOST)";
				CODE_SIGN_STYLE = Automatic;
				INFOPLIST_FILE = "plasticfishes-mvcTests/Info.plist";
				LD_RUNPATH_SEARCH_PATHS = (
					"$(inherited)",
					"@executable_path/Frameworks",
					"@loader_path/Frameworks",
				);
				PRODUCT_BUNDLE_IDENTIFIER = "RADG.plasticfishes-mvcTests";
				PRODUCT_NAME = "$(TARGET_NAME)";
				SWIFT_VERSION = 4.0;
				TARGETED_DEVICE_FAMILY = "1,2";
				TEST_HOST = "$(BUILT_PRODUCTS_DIR)/plasticfishes-mvc.app/plasticfishes-mvc";
			};
			name = Debug;
		};
		1E92B9A7214C6CC700CB5210 /* Release */ = {
			isa = XCBuildConfiguration;
			buildSettings = {
				ALWAYS_EMBED_SWIFT_STANDARD_LIBRARIES = YES;
				BUNDLE_LOADER = "$(TEST_HOST)";
				CODE_SIGN_STYLE = Automatic;
				INFOPLIST_FILE = "plasticfishes-mvcTests/Info.plist";
				LD_RUNPATH_SEARCH_PATHS = (
					"$(inherited)",
					"@executable_path/Frameworks",
					"@loader_path/Frameworks",
				);
				PRODUCT_BUNDLE_IDENTIFIER = "RADG.plasticfishes-mvcTests";
				PRODUCT_NAME = "$(TARGET_NAME)";
				SWIFT_VERSION = 4.0;
				TARGETED_DEVICE_FAMILY = "1,2";
				TEST_HOST = "$(BUILT_PRODUCTS_DIR)/plasticfishes-mvc.app/plasticfishes-mvc";
			};
			name = Release;
		};
/* End XCBuildConfiguration section */

/* Begin XCConfigurationList section */
		1E92B97E214C6CC500CB5210 /* Build configuration list for PBXProject "plasticfishes-mvc" */ = {
			isa = XCConfigurationList;
			buildConfigurations = (
				1E92B9A0214C6CC700CB5210 /* Debug */,
				1E92B9A1214C6CC700CB5210 /* Release */,
			);
			defaultConfigurationIsVisible = 0;
			defaultConfigurationName = Release;
		};
		1E92B9A2214C6CC700CB5210 /* Build configuration list for PBXNativeTarget "plasticfishes-mvc" */ = {
			isa = XCConfigurationList;
			buildConfigurations = (
				1E92B9A3214C6CC700CB5210 /* Debug */,
				1E92B9A4214C6CC700CB5210 /* Release */,
			);
			defaultConfigurationIsVisible = 0;
			defaultConfigurationName = Release;
		};
		1E92B9A5214C6CC700CB5210 /* Build configuration list for PBXNativeTarget "plasticfishes-mvcTests" */ = {
			isa = XCConfigurationList;
			buildConfigurations = (
				1E92B9A6214C6CC700CB5210 /* Debug */,
				1E92B9A7214C6CC700CB5210 /* Release */,
			);
			defaultConfigurationIsVisible = 0;
			defaultConfigurationName = Release;
		};
/* End XCConfigurationList section */
	};
	rootObject = 1E92B97B214C6CC500CB5210 /* Project object */;
}
